{
    "_readme": [
        "This file locks the dependencies of your project to a known state",
        "Read more about it at https://getcomposer.org/doc/01-basic-usage.md#installing-dependencies",
        "This file is @generated automatically"
    ],
    "content-hash": "0da1780fc423b89c8abc8cf692a1579d",
    "packages": [
        {
            "name": "filp/whoops",
            "version": "2.7.2",
            "source": {
                "type": "git",
                "url": "https://github.com/filp/whoops.git",
                "reference": "17d0d3f266c8f925ebd035cd36f83cf802b47d4a"
            },
            "dist": {
                "type": "zip",
                "url": "https://api.github.com/repos/filp/whoops/zipball/17d0d3f266c8f925ebd035cd36f83cf802b47d4a",
                "reference": "17d0d3f266c8f925ebd035cd36f83cf802b47d4a",
                "shasum": ""
            },
            "require": {
                "php": "^5.5.9 || ^7.0",
                "psr/log": "^1.0.1"
            },
            "require-dev": {
                "mockery/mockery": "^0.9 || ^1.0",
                "phpunit/phpunit": "^4.8.35 || ^5.7 || ^6.0",
                "symfony/var-dumper": "^2.6 || ^3.0 || ^4.0 || ^5.0"
            },
            "suggest": {
                "symfony/var-dumper": "Pretty print complex values better with var-dumper available",
                "whoops/soap": "Formats errors as SOAP responses"
            },
            "type": "library",
            "extra": {
                "branch-alias": {
                    "dev-master": "2.6-dev"
                }
            },
            "autoload": {
                "psr-4": {
                    "Whoops\\": "src/Whoops/"
                }
            },
            "notification-url": "https://packagist.org/downloads/",
            "license": [
                "MIT"
            ],
            "authors": [
                {
                    "name": "Filipe Dobreira",
                    "homepage": "https://github.com/filp",
                    "role": "Developer"
                }
            ],
            "description": "php error handling for cool kids",
            "homepage": "https://filp.github.io/whoops/",
            "keywords": [
                "error",
                "exception",
                "handling",
                "library",
                "throwable",
                "whoops"
            ],
            "time": "2020-05-05T12:28:07+00:00"
        },
        {
            "name": "o2system/curl",
            "version": "v2.2.0",
            "source": {
                "type": "git",
                "url": "https://github.com/o2system/curl.git",
                "reference": "e42f18c79191a4205114e9da1a407986fa692d53"
            },
            "dist": {
                "type": "zip",
                "url": "https://api.github.com/repos/o2system/curl/zipball/e42f18c79191a4205114e9da1a407986fa692d53",
                "reference": "e42f18c79191a4205114e9da1a407986fa692d53",
                "shasum": ""
            },
            "require": {
                "ext-json": "*",
                "ext-simplexml": "*",
                "o2system/kernel": "*",
                "php": "^7.2.0"
            },
            "type": "package",
            "autoload": {
                "psr-4": {
                    "O2System\\Curl\\": "src"
                }
            },
            "notification-url": "https://packagist.org/downloads/",
            "license": [
                "MIT"
            ],
            "authors": [
                {
                    "name": "Steeven Andrian Salim",
                    "email": "steevenz@steevenz.com",
                    "homepage": "http://www.steevenz.com",
                    "role": "Founder and Lead Project"
                },
                {
                    "name": "Teguh Rianto",
                    "email": "teguh.rianto22@gmail.com",
                    "homepage": "http://teguhrianto22.pusku.com",
                    "role": "Template Designer"
                }
            ],
            "description": "PHP Lightweight HTTP Request Client Libraries",
            "keywords": [
                "driver",
                "framework",
                "libraries",
                "php",
                "utilities"
            ],
            "time": "2019-10-10T14:59:59+00:00"
        },
        {
            "name": "o2system/kernel",
            "version": "v2.0.25",
            "source": {
                "type": "git",
                "url": "https://github.com/o2system/kernel.git",
                "reference": "392558572be751daf682d6d57a129ee581beb9d3"
            },
            "dist": {
                "type": "zip",
                "url": "https://api.github.com/repos/o2system/kernel/zipball/392558572be751daf682d6d57a129ee581beb9d3",
                "reference": "392558572be751daf682d6d57a129ee581beb9d3",
                "shasum": ""
            },
            "require": {
                "filp/whoops": "^2.3",
                "o2system/spl": "*",
                "php": "^7.2.0"
            },
            "require-dev": {
                "o2system/gear": "*"
            },
            "type": "package",
            "autoload": {
                "psr-4": {
                    "O2System\\Kernel\\": "src"
                },
                "files": [
                    "src/Config/Constants.php",
                    "src/Helpers/Common.php",
                    "src/Helpers/Inflector.php",
                    "src/Helpers/Cookie.php",
                    "src/Kernel.php"
                ]
            },
            "notification-url": "https://packagist.org/downloads/",
            "license": [
                "MIT"
            ],
            "authors": [
                {
                    "name": "Steeven Andrian Salim",
                    "email": "steevenz@steevenz.com",
                    "homepage": "http://www.steevenz.com",
                    "role": "Founder and Lead Project"
                },
                {
                    "name": "Teguh Rianto",
                    "email": "teguh.rianto22@gmail.com",
                    "homepage": "http://teguhrianto22.pusku.com",
                    "role": "Template Designer"
                }
            ],
            "description": "O2System Framework Kernel",
            "keywords": [
                "driver",
                "framework",
                "libraries",
                "php",
                "singleton"
            ],
            "time": "2020-06-02T22:01:12+00:00"
        },
        {
            "name": "o2system/psr",
            "version": "v1.2.170",
            "source": {
                "type": "git",
                "url": "https://github.com/o2system/psr.git",
                "reference": "a2515c9cd6b2abc1a2ba5112e31cfe89b2aff6ec"
            },
            "dist": {
                "type": "zip",
                "url": "https://api.github.com/repos/o2system/psr/zipball/a2515c9cd6b2abc1a2ba5112e31cfe89b2aff6ec",
                "reference": "a2515c9cd6b2abc1a2ba5112e31cfe89b2aff6ec",
                "shasum": ""
            },
            "require": {
                "php": "^7.2.0",
                "psr/cache": "*",
                "psr/container": "*",
                "psr/http-message": "*",
                "psr/http-server-middleware": "*",
                "psr/log": "*",
                "psr/simple-cache": "*"
            },
            "type": "package",
            "autoload": {
                "psr-4": {
                    "O2System\\Psr\\": "src"
                }
            },
            "notification-url": "https://packagist.org/downloads/",
            "license": [
                "MIT"
            ],
            "authors": [
                {
                    "name": "Steeven Andrian Salim",
                    "email": "steevenz@steevenz.com",
                    "homepage": "http://www.steevenz.com",
                    "role": "Founder and Lead Project"
                },
                {
                    "name": "Teguh Rianto",
                    "email": "teguh.rianto22@gmail.com",
                    "homepage": "http://teguhrianto22.pusku.com",
                    "role": "Template Designer"
                }
            ],
            "description": "O2System PSR it's build based on PHP Framework Interop Group (PHP-FIG) standards recommendations. This repository contains a collection of PHP interfaces based on the PSR-0 until the PSR-7.",
            "keywords": [
                "framework",
                "interfaces",
                "libraries",
                "php",
                "utilities"
            ],
            "time": "2020-06-02T22:42:10+00:00"
        },
        {
            "name": "o2system/spl",
            "version": "v1.1.74",
            "source": {
                "type": "git",
                "url": "https://github.com/o2system/spl.git",
                "reference": "790b21f02ef696af7f4804d3c45bbfbb69767544"
            },
            "dist": {
                "type": "zip",
                "url": "https://api.github.com/repos/o2system/spl/zipball/790b21f02ef696af7f4804d3c45bbfbb69767544",
                "reference": "790b21f02ef696af7f4804d3c45bbfbb69767544",
                "shasum": ""
            },
            "require": {
                "o2system/psr": "*",
                "php": "^7.2.0"
            },
            "type": "package",
            "autoload": {
                "psr-4": {
                    "O2System\\Spl\\": "src"
                }
            },
            "notification-url": "https://packagist.org/downloads/",
            "license": [
                "MIT"
            ],
            "authors": [
                {
                    "name": "Steeven Andrian Salim",
                    "email": "steevenz@steevenz.com",
                    "homepage": "http://www.steevenz.com",
                    "role": "Founder and Lead Project"
                },
                {
                    "name": "Teguh Rianto",
                    "email": "teguh.rianto22@gmail.com",
                    "homepage": "http://teguhrianto22.pusku.com",
                    "role": "Template Designer"
                }
            ],
            "description": "O2System Standard PHP Library (SPL) it's build based on original standard PHP library. It's made up primarily of commonly needed datastructure classes, iterators, handlers and exceptions for O2System PHP Framework, but also can be used independently outside O2System PHP Framework environment.",
            "keywords": [
                "framework",
                "interfaces",
                "libraries",
                "php",
                "utilities"
            ],
            "time": "2020-06-02T22:06:28+00:00"
        },
        {
            "name": "psr/cache",
            "version": "1.0.1",
            "source": {
                "type": "git",
                "url": "https://github.com/php-fig/cache.git",
                "reference": "d11b50ad223250cf17b86e38383413f5a6764bf8"
            },
            "dist": {
                "type": "zip",
                "url": "https://api.github.com/repos/php-fig/cache/zipball/d11b50ad223250cf17b86e38383413f5a6764bf8",
                "reference": "d11b50ad223250cf17b86e38383413f5a6764bf8",
                "shasum": ""
            },
            "require": {
                "php": ">=5.3.0"
            },
            "type": "library",
            "extra": {
                "branch-alias": {
                    "dev-master": "1.0.x-dev"
                }
            },
            "autoload": {
                "psr-4": {
                    "Psr\\Cache\\": "src/"
                }
            },
            "notification-url": "https://packagist.org/downloads/",
            "license": [
                "MIT"
            ],
            "authors": [
                {
                    "name": "PHP-FIG",
                    "homepage": "http://www.php-fig.org/"
                }
            ],
            "description": "Common interface for caching libraries",
            "keywords": [
                "cache",
                "psr",
                "psr-6"
            ],
            "time": "2016-08-06T20:24:11+00:00"
        },
        {
            "name": "psr/container",
            "version": "1.0.0",
            "source": {
                "type": "git",
                "url": "https://github.com/php-fig/container.git",
                "reference": "b7ce3b176482dbbc1245ebf52b181af44c2cf55f"
            },
            "dist": {
                "type": "zip",
                "url": "https://api.github.com/repos/php-fig/container/zipball/b7ce3b176482dbbc1245ebf52b181af44c2cf55f",
                "reference": "b7ce3b176482dbbc1245ebf52b181af44c2cf55f",
                "shasum": ""
            },
            "require": {
                "php": ">=5.3.0"
            },
            "type": "library",
            "extra": {
                "branch-alias": {
                    "dev-master": "1.0.x-dev"
                }
            },
            "autoload": {
                "psr-4": {
                    "Psr\\Container\\": "src/"
                }
            },
            "notification-url": "https://packagist.org/downloads/",
            "license": [
                "MIT"
            ],
            "authors": [
                {
                    "name": "PHP-FIG",
                    "homepage": "http://www.php-fig.org/"
                }
            ],
            "description": "Common Container Interface (PHP FIG PSR-11)",
            "homepage": "https://github.com/php-fig/container",
            "keywords": [
                "PSR-11",
                "container",
                "container-interface",
                "container-interop",
                "psr"
            ],
            "time": "2017-02-14T16:28:37+00:00"
        },
        {
            "name": "psr/http-message",
            "version": "1.0.1",
            "source": {
                "type": "git",
                "url": "https://github.com/php-fig/http-message.git",
                "reference": "f6561bf28d520154e4b0ec72be95418abe6d9363"
            },
            "dist": {
                "type": "zip",
                "url": "https://api.github.com/repos/php-fig/http-message/zipball/f6561bf28d520154e4b0ec72be95418abe6d9363",
                "reference": "f6561bf28d520154e4b0ec72be95418abe6d9363",
                "shasum": ""
            },
            "require": {
                "php": ">=5.3.0"
            },
            "type": "library",
            "extra": {
                "branch-alias": {
                    "dev-master": "1.0.x-dev"
                }
            },
            "autoload": {
                "psr-4": {
                    "Psr\\Http\\Message\\": "src/"
                }
            },
            "notification-url": "https://packagist.org/downloads/",
            "license": [
                "MIT"
            ],
            "authors": [
                {
                    "name": "PHP-FIG",
                    "homepage": "http://www.php-fig.org/"
                }
            ],
            "description": "Common interface for HTTP messages",
            "homepage": "https://github.com/php-fig/http-message",
            "keywords": [
                "http",
                "http-message",
                "psr",
                "psr-7",
                "request",
                "response"
            ],
            "time": "2016-08-06T14:39:51+00:00"
        },
        {
            "name": "psr/http-server-handler",
            "version": "1.0.1",
            "source": {
                "type": "git",
                "url": "https://github.com/php-fig/http-server-handler.git",
                "reference": "aff2f80e33b7f026ec96bb42f63242dc50ffcae7"
            },
            "dist": {
                "type": "zip",
                "url": "https://api.github.com/repos/php-fig/http-server-handler/zipball/aff2f80e33b7f026ec96bb42f63242dc50ffcae7",
                "reference": "aff2f80e33b7f026ec96bb42f63242dc50ffcae7",
                "shasum": ""
            },
            "require": {
                "php": ">=7.0",
                "psr/http-message": "^1.0"
            },
            "type": "library",
            "extra": {
                "branch-alias": {
                    "dev-master": "1.0.x-dev"
                }
            },
            "autoload": {
                "psr-4": {
                    "Psr\\Http\\Server\\": "src/"
                }
            },
            "notification-url": "https://packagist.org/downloads/",
            "license": [
                "MIT"
            ],
            "authors": [
                {
                    "name": "PHP-FIG",
                    "homepage": "http://www.php-fig.org/"
                }
            ],
            "description": "Common interface for HTTP server-side request handler",
            "keywords": [
                "handler",
                "http",
                "http-interop",
                "psr",
                "psr-15",
                "psr-7",
                "request",
                "response",
                "server"
            ],
            "time": "2018-10-30T16:46:14+00:00"
        },
        {
            "name": "psr/http-server-middleware",
            "version": "1.0.1",
            "source": {
                "type": "git",
                "url": "https://github.com/php-fig/http-server-middleware.git",
                "reference": "2296f45510945530b9dceb8bcedb5cb84d40c5f5"
            },
            "dist": {
                "type": "zip",
                "url": "https://api.github.com/repos/php-fig/http-server-middleware/zipball/2296f45510945530b9dceb8bcedb5cb84d40c5f5",
                "reference": "2296f45510945530b9dceb8bcedb5cb84d40c5f5",
                "shasum": ""
            },
            "require": {
                "php": ">=7.0",
                "psr/http-message": "^1.0",
                "psr/http-server-handler": "^1.0"
            },
            "type": "library",
            "extra": {
                "branch-alias": {
                    "dev-master": "1.0.x-dev"
                }
            },
            "autoload": {
                "psr-4": {
                    "Psr\\Http\\Server\\": "src/"
                }
            },
            "notification-url": "https://packagist.org/downloads/",
            "license": [
                "MIT"
            ],
            "authors": [
                {
                    "name": "PHP-FIG",
                    "homepage": "http://www.php-fig.org/"
                }
            ],
            "description": "Common interface for HTTP server-side middleware",
            "keywords": [
                "http",
                "http-interop",
                "middleware",
                "psr",
                "psr-15",
                "psr-7",
                "request",
                "response"
            ],
            "time": "2018-10-30T17:12:04+00:00"
        },
        {
            "name": "psr/log",
            "version": "1.1.3",
            "source": {
                "type": "git",
                "url": "https://github.com/php-fig/log.git",
                "reference": "0f73288fd15629204f9d42b7055f72dacbe811fc"
            },
            "dist": {
                "type": "zip",
                "url": "https://api.github.com/repos/php-fig/log/zipball/0f73288fd15629204f9d42b7055f72dacbe811fc",
                "reference": "0f73288fd15629204f9d42b7055f72dacbe811fc",
                "shasum": ""
            },
            "require": {
                "php": ">=5.3.0"
            },
            "type": "library",
            "extra": {
                "branch-alias": {
                    "dev-master": "1.1.x-dev"
                }
            },
            "autoload": {
                "psr-4": {
                    "Psr\\Log\\": "Psr/Log/"
                }
            },
            "notification-url": "https://packagist.org/downloads/",
            "license": [
                "MIT"
            ],
            "authors": [
                {
                    "name": "PHP-FIG",
                    "homepage": "http://www.php-fig.org/"
                }
            ],
            "description": "Common interface for logging libraries",
            "homepage": "https://github.com/php-fig/log",
            "keywords": [
                "log",
                "psr",
                "psr-3"
            ],
            "time": "2020-03-23T09:12:05+00:00"
        },
        {
            "name": "psr/simple-cache",
            "version": "1.0.1",
            "source": {
                "type": "git",
                "url": "https://github.com/php-fig/simple-cache.git",
                "reference": "408d5eafb83c57f6365a3ca330ff23aa4a5fa39b"
            },
            "dist": {
                "type": "zip",
                "url": "https://api.github.com/repos/php-fig/simple-cache/zipball/408d5eafb83c57f6365a3ca330ff23aa4a5fa39b",
                "reference": "408d5eafb83c57f6365a3ca330ff23aa4a5fa39b",
                "shasum": ""
            },
            "require": {
                "php": ">=5.3.0"
            },
            "type": "library",
            "extra": {
                "branch-alias": {
                    "dev-master": "1.0.x-dev"
                }
            },
            "autoload": {
                "psr-4": {
                    "Psr\\SimpleCache\\": "src/"
                }
            },
            "notification-url": "https://packagist.org/downloads/",
            "license": [
                "MIT"
            ],
            "authors": [
                {
                    "name": "PHP-FIG",
                    "homepage": "http://www.php-fig.org/"
                }
            ],
            "description": "Common interfaces for simple caching",
            "keywords": [
                "cache",
                "caching",
                "psr",
                "psr-16",
                "simple-cache"
            ],
            "time": "2017-10-23T01:57:42+00:00"
        },
        {
            "name": "steevenz/rajaongkir",
            "version": "v2.2.7",
            "source": {
                "type": "git",
                "url": "https://github.com/steevenz/rajaongkir.git",
                "reference": "333cbdbb6ab603a666b3322186aa60e7ad3a6cd4"
            },
            "dist": {
                "type": "zip",
                "url": "https://api.github.com/repos/steevenz/rajaongkir/zipball/333cbdbb6ab603a666b3322186aa60e7ad3a6cd4",
                "reference": "333cbdbb6ab603a666b3322186aa60e7ad3a6cd4",
                "shasum": ""
            },
            "require": {
                "o2system/curl": "*",
                "php": ">=7.2.0"
            },
            "type": "php-class",
            "autoload": {
                "files": [
                    "src/Rajaongkir.php"
                ]
            },
            "notification-url": "https://packagist.org/downloads/",
            "license": [
                "MIT"
            ],
            "authors": [
                {
                    "name": "Steeve Andrian",
                    "email": "steevenz@steevenz.com",
                    "homepage": "http://www.steevenz.com",
                    "role": "PHP Programmer"
                }
            ],
            "description": "Advanced RajaOngkir API PHP Class",
            "keywords": [
                "api",
                "rajaongkir"
            ],
            "time": "2019-08-15T06:48:31+00:00"
        }
    ],
    "packages-dev": [],
    "aliases": [],
    "minimum-stability": "stable",
    "stability-flags": [],
    "prefer-stable": false,
    "prefer-lowest": false,
    "platform": [],
    "platform-dev": [],
    "plugin-api-version": "1.1.0"
}
